
Microsoft Visual Studio Solution File, Format Version 12.00
# Visual Studio Version 17
VisualStudioVersion = 17.9.34902.65
MinimumVisualStudioVersion = 10.0.40219.1
Project("{FAE04EC0-301F-11D3-BF4B-00C04F79EFBC}") = "eventscreditcard", "eventscreditcard\eventscreditcard.csproj", "{0713171C-EE14-4091-BE6F-3845811CE290}"
EndProject
Global
	GlobalSection(SolutionConfigurationPlatforms) = preSolution
		Debug|Any CPU = Debug|Any CPU
		Release|Any CPU = Release|Any CPU
	EndGlobalSection
	GlobalSection(ProjectConfigurationPlatforms) = postSolution
		{0713171C-EE14-4091-BE6F-3845811CE290}.Debug|Any CPU.ActiveCfg = Debug|Any CPU
		{0713171C-EE14-4091-BE6F-3845811CE290}.Debug|Any CPU.Build.0 = Debug|Any CPU
		{0713171C-EE14-4091-BE6F-3845811CE290}.Release|Any CPU.ActiveCfg = Release|Any CPU
		{0713171C-EE14-4091-BE6F-3845811CE290}.Release|Any CPU.Build.0 = Release|Any CPU
	EndGlobalSection
	GlobalSection(SolutionProperties) = preSolution
		HideSolutionNode = FALSE
	EndGlobalSection
	GlobalSection(ExtensibilityGlobals) = postSolution
		SolutionGuid = {24F92A53-DB87-4355-A4CF-FFA2113D54D5}
	EndGlobalSection
EndGlobal
